# THIS IS AN AUTOGENERATED FILE. DO NOT EDIT THIS FILE DIRECTLY.
# yarn lockfile v1


"@tonaljs/abc-notation@^3.5.4":
  version "3.5.4"
  resolved "https://registry.yarnpkg.com/@tonaljs/abc-notation/-/abc-notation-3.5.4.tgz#b90568a0c7440cf0969b6e8d46ab2b403e6d9e27"
  dependencies:
    "@tonaljs/core" "^3.5.3"

"@tonaljs/array@^3.2.8":
  version "3.2.8"
  resolved "https://registry.yarnpkg.com/@tonaljs/array/-/array-3.2.8.tgz#735ff3f3a7732f630a9ed33aa093679cb6426ec3"
  dependencies:
    "@tonaljs/core" "^3.5.3"

"@tonaljs/chord-detect@^3.5.5":
  version "3.5.5"
  resolved "https://registry.yarnpkg.com/@tonaljs/chord-detect/-/chord-detect-3.5.5.tgz#da7ff00e555a43766861101f36e2416b0325c2ce"
  dependencies:
    "@tonaljs/chord-type" "^3.5.5"
    "@tonaljs/core" "^3.5.3"
    "@tonaljs/pcset" "^3.5.3"

"@tonaljs/chord-type@^3.5.5":
  version "3.5.5"
  resolved "https://registry.yarnpkg.com/@tonaljs/chord-type/-/chord-type-3.5.5.tgz#ee5c8d021193ec0a50aa13cec322610ec720f2c6"
  dependencies:
    "@tonaljs/core" "^3.5.3"
    "@tonaljs/pcset" "^3.5.3"

"@tonaljs/chord@^3.6.5":
  version "3.6.5"
  resolved "https://registry.yarnpkg.com/@tonaljs/chord/-/chord-3.6.5.tgz#9f19b5c04558eefb66e64de41452f2f7514513ac"
  dependencies:
    "@tonaljs/chord-detect" "^3.5.5"
    "@tonaljs/chord-type" "^3.5.5"
    "@tonaljs/collection" "^3.5.3"
    "@tonaljs/core" "^3.5.3"
    "@tonaljs/pcset" "^3.5.3"
    "@tonaljs/scale-type" "^3.5.4"

"@tonaljs/collection@^3.5.3":
  version "3.5.3"
  resolved "https://registry.yarnpkg.com/@tonaljs/collection/-/collection-3.5.3.tgz#2e8c7e688b4707460d7ad3c8caedd2f2b9df9cc1"

"@tonaljs/core@^3.5.3":
  version "3.5.3"
  resolved "https://registry.yarnpkg.com/@tonaljs/core/-/core-3.5.3.tgz#ff279659884a3918b4ee522395e6ca3bad40001c"

"@tonaljs/duration-value@^3.6.3":
  version "3.6.3"
  resolved "https://registry.yarnpkg.com/@tonaljs/duration-value/-/duration-value-3.6.3.tgz#be9bac2c44649722b12d6e6e4cb163be0792b7a0"

"@tonaljs/interval@^3.5.3":
  version "3.5.3"
  resolved "https://registry.yarnpkg.com/@tonaljs/interval/-/interval-3.5.3.tgz#875053fa941c234b657ce0cd970263eb67c879a9"
  dependencies:
    "@tonaljs/core" "^3.5.3"

"@tonaljs/key@^4.0.1":
  version "4.0.1"
  resolved "https://registry.yarnpkg.com/@tonaljs/key/-/key-4.0.1.tgz#80a6fce5ec0b2e3fac6d6bca9c9b5113ed355a13"
  dependencies:
    "@tonaljs/core" "^3.5.3"
    "@tonaljs/note" "^3.5.3"
    "@tonaljs/roman-numeral" "^3.5.3"

"@tonaljs/midi@^3.5.3":
  version "3.5.3"
  resolved "https://registry.yarnpkg.com/@tonaljs/midi/-/midi-3.5.3.tgz#0b5c15bce7a259d5d29e5e29335e3a419898f56a"
  dependencies:
    "@tonaljs/core" "^3.5.3"

"@tonaljs/mode@^3.5.3":
  version "3.5.3"
  resolved "https://registry.yarnpkg.com/@tonaljs/mode/-/mode-3.5.3.tgz#c31fb28cff4aa3bd8afeb4f1754a2d6dbf507e82"
  dependencies:
    "@tonaljs/core" "^3.5.3"
    "@tonaljs/pcset" "^3.5.3"

"@tonaljs/note@^3.5.3":
  version "3.5.3"
  resolved "https://registry.yarnpkg.com/@tonaljs/note/-/note-3.5.3.tgz#dd4637e2ec486f1efb6cad8b1efa08d3a0eb15d4"
  dependencies:
    "@tonaljs/core" "^3.5.3"
    "@tonaljs/midi" "^3.5.3"

"@tonaljs/pcset@^3.5.3":
  version "3.5.3"
  resolved "https://registry.yarnpkg.com/@tonaljs/pcset/-/pcset-3.5.3.tgz#c41203a7e7700057146c17be39044694a81c9888"
  dependencies:
    "@tonaljs/collection" "^3.5.3"
    "@tonaljs/core" "^3.5.3"

"@tonaljs/progression@^3.5.7":
  version "3.5.7"
  resolved "https://registry.yarnpkg.com/@tonaljs/progression/-/progression-3.5.7.tgz#3436d49c1ceacc415a3c0cefd613a8deee6dc2b0"
  dependencies:
    "@tonaljs/chord" "^3.6.5"
    "@tonaljs/core" "^3.5.3"
    "@tonaljs/roman-numeral" "^3.5.3"

"@tonaljs/range@^3.5.3":
  version "3.5.3"
  resolved "https://registry.yarnpkg.com/@tonaljs/range/-/range-3.5.3.tgz#1306f62ecaf10198fe577c9d5c929edf130d1f04"
  dependencies:
    "@tonaljs/collection" "^3.5.3"
    "@tonaljs/midi" "^3.5.3"

"@tonaljs/roman-numeral@^3.5.3":
  version "3.5.3"
  resolved "https://registry.yarnpkg.com/@tonaljs/roman-numeral/-/roman-numeral-3.5.3.tgz#b8d8b82c163afed812635f98579b480ef7a004d3"
  dependencies:
    "@tonaljs/core" "^3.5.3"

"@tonaljs/scale-type@^3.5.4":
  version "3.5.4"
  resolved "https://registry.yarnpkg.com/@tonaljs/scale-type/-/scale-type-3.5.4.tgz#4d9e239231a26937430fa9d609c54e22a36549c0"
  dependencies:
    "@tonaljs/core" "^3.5.3"
    "@tonaljs/pcset" "^3.5.3"

"@tonaljs/scale@^3.5.6":
  version "3.5.6"
  resolved "https://registry.yarnpkg.com/@tonaljs/scale/-/scale-3.5.6.tgz#9a1b9e58e70290f61dabee679b3ffba78a840a1a"
  dependencies:
    "@tonaljs/chord-type" "^3.5.5"
    "@tonaljs/collection" "^3.5.3"
    "@tonaljs/core" "^3.5.3"
    "@tonaljs/note" "^3.5.3"
    "@tonaljs/pcset" "^3.5.3"
    "@tonaljs/scale-type" "^3.5.4"

"@tonaljs/time-signature@^3.6.3":
  version "3.6.3"
  resolved "https://registry.yarnpkg.com/@tonaljs/time-signature/-/time-signature-3.6.3.tgz#613655f18c3c7228436bb8ea1f97511c85dde34f"

"@tonaljs/tonal@^4.0.1":
  version "4.0.1"
  resolved "https://registry.yarnpkg.com/@tonaljs/tonal/-/tonal-4.0.1.tgz#fc73e34e9000fc81194482479db1cf49426b1990"
  dependencies:
    "@tonaljs/abc-notation" "^3.5.4"
    "@tonaljs/array" "^3.2.8"
    "@tonaljs/chord" "^3.6.5"
    "@tonaljs/chord-type" "^3.5.5"
    "@tonaljs/collection" "^3.5.3"
    "@tonaljs/core" "^3.5.3"
    "@tonaljs/duration-value" "^3.6.3"
    "@tonaljs/interval" "^3.5.3"
    "@tonaljs/key" "^4.0.1"
    "@tonaljs/midi" "^3.5.3"
    "@tonaljs/mode" "^3.5.3"
    "@tonaljs/note" "^3.5.3"
    "@tonaljs/pcset" "^3.5.3"
    "@tonaljs/progression" "^3.5.7"
    "@tonaljs/range" "^3.5.3"
    "@tonaljs/roman-numeral" "^3.5.3"
    "@tonaljs/scale" "^3.5.6"
    "@tonaljs/scale-type" "^3.5.4"
    "@tonaljs/time-signature" "^3.6.3"
